{
    "_readme": [
        "This file locks the dependencies of your project to a known state",
        "Read more about it at https://getcomposer.org/doc/01-basic-usage.md#installing-dependencies",
        "This file is @generated automatically"
    ],
    "content-hash": "ceae1c25bd33b44eb4b2285826c78196",
    "packages": [],
    "packages-dev": [],
    "aliases": [],
    "minimum-stability": "stable",
    "stability-flags": [],
    "prefer-stable": false,
    "prefer-lowest": false,
    "platform": {
        "php": ">=7.1.3",
        "ext-json": "*"
    },
    "platform-dev": [],
    "platform-overrides": {
        "php": "7.1.3"
    },
    "plugin-api-version": "2.6.0"
}
